// !$*UTF8*$!
{
	archiveVersion = 1;
	classes = {
	};
	objectVersion = 50;
	objects = {

/* Begin PBXBuildFile section */
		888F120D232677570046E910 /* AppDelegate.swift in Sources */ = {isa = PBXBuildFile; fileRef = 888F120C232677570046E910 /* AppDelegate.swift */; };
		888F120F232677570046E910 /* ViewController.swift in Sources */ = {isa = PBXBuildFile; fileRef = 888F120E232677570046E910 /* ViewController.swift */; };
		888F1212232677570046E910 /* Main.storyboard in Resources */ = {isa = PBXBuildFile; fileRef = 888F1210232677570046E910 /* Main.storyboard */; };
		888F1214232677580046E910 /* Assets.xcassets in Resources */ = {isa = PBXBuildFile; fileRef = 888F1213232677580046E910 /* Assets.xcassets */; };
		888F1217232677580046E910 /* LaunchScreen.storyboard in Resources */ = {isa = PBXBuildFile; fileRef = 888F1215232677580046E910 /* LaunchScreen.storyboard */; };
		888F1222232677580046E910 /* LoginViewTests.swift in Sources */ = {isa = PBXBuildFile; fileRef = 888F1221232677580046E910 /* LoginViewTests.swift */; };
		888F122D232677580046E910 /* LoginViewUITests.swift in Sources */ = {isa = PBXBuildFile; fileRef = 888F122C232677580046E910 /* LoginViewUITests.swift */; };
/* End PBXBuildFile section */

/* Begin PBXContainerItemProxy section */
		888F121E232677580046E910 /* PBXContainerItemProxy */ = {
			isa = PBXContainerItemProxy;
			containerPortal = 888F1201232677570046E910 /* Project object */;
			proxyType = 1;
			remoteGlobalIDString = 888F1208232677570046E910;
			remoteInfo = LoginView;
		};
		888F1229232677580046E910 /* PBXContainerItemProxy */ = {
			isa = PBXContainerItemProxy;
			containerPortal = 888F1201232677570046E910 /* Project object */;
			proxyType = 1;
			remoteGlobalIDString = 888F1208232677570046E910;
			remoteInfo = LoginView;
		};
/* End PBXContainerItemProxy section */

/* Begin PBXFileReference section */
		888F1209232677570046E910 /* LoginView.app */ = {isa = PBXFileReference; explicitFileType = wrapper.application; includeInIndex = 0; path = LoginView.app; sourceTree = BUILT_PRODUCTS_DIR; };
		888F120C232677570046E910 /* AppDelegate.swift */ = {isa = PBXFileReference; lastKnownFileType = sourcecode.swift; path = AppDelegate.swift; sourceTree = "<group>"; };
		888F120E232677570046E910 /* ViewController.swift */ = {isa = PBXFileReference; lastKnownFileType = sourcecode.swift; path = ViewController.swift; sourceTree = "<group>"; };
		888F1211232677570046E910 /* Base */ = {isa = PBXFileReference; lastKnownFileType = file.storyboard; name = Base; path = Base.lproj/Main.storyboard; sourceTree = "<group>"; };
		888F1213232677580046E910 /* Assets.xcassets */ = {isa = PBXFileReference; lastKnownFileType = folder.assetcatalog; path = Assets.xcassets; sourceTree = "<group>"; };
		888F1216232677580046E910 /* Base */ = {isa = PBXFileReference; lastKnownFileType = file.storyboard; name = Base; path = Base.lproj/LaunchScreen.storyboard; sourceTree = "<group>"; };
		888F1218232677580046E910 /* Info.plist */ = {isa = PBXFileReference; lastKnownFileType = text.plist.xml; path = Info.plist; sourceTree = "<group>"; };
		888F121D232677580046E910 /* LoginViewTests.xctest */ = {isa = PBXFileReference; explicitFileType = wrapper.cfbundle; includeInIndex = 0; path = LoginViewTests.xctest; sourceTree = BUILT_PRODUCTS_DIR; };
		888F1221232677580046E910 /* LoginViewTests.swift */ = {isa = PBXFileReference; lastKnownFileType = sourcecode.swift; path = LoginViewTests.swift; sourceTree = "<group>"; };
		888F1223232677580046E910 /* Info.plist */ = {isa = PBXFileReference; lastKnownFileType = text.plist.xml; path = Info.plist; sourceTree = "<group>"; };
		888F1228232677580046E910 /* LoginViewUITests.xctest */ = {isa = PBXFileReference; explicitFileType = wrapper.cfbundle; includeInIndex = 0; path = LoginViewUITests.xctest; sourceTree = BUILT_PRODUCTS_DIR; };
		888F122C232677580046E910 /* LoginViewUITests.swift */ = {isa = PBXFileReference; lastKnownFileType = sourcecode.swift; path = LoginViewUITests.swift; sourceTree = "<group>"; };
		888F122E232677580046E910 /* Info.plist */ = {isa = PBXFileReference; lastKnownFileType = text.plist.xml; path = Info.plist; sourceTree = "<group>"; };
/* End PBXFileReference section */

/* Begin PBXFrameworksBuildPhase section */
		888F1206232677570046E910 /* Frameworks */ = {
			isa = PBXFrameworksBuildPhase;
			buildActionMask = 2147483647;
			files = (
			);
			runOnlyForDeploymentPostprocessing = 0;
		};
		888F121A232677580046E910 /* Frameworks */ = {
			isa = PBXFrameworksBuildPhase;
			buildActionMask = 2147483647;
			files = (
			);
			runOnlyForDeploymentPostprocessing = 0;
		};
		888F1225232677580046E910 /* Frameworks */ = {
			isa = PBXFrameworksBuildPhase;
			buildActionMask = 2147483647;
			files = (
			);
			runOnlyForDeploymentPostprocessing = 0;
		};
/* End PBXFrameworksBuildPhase section */

/* Begin PBXGroup section */
		888F1200232677570046E910 = {
			isa = PBXGroup;
			children = (
				888F120B232677570046E910 /* LoginView */,
				888F1220232677580046E910 /* LoginViewTests */,
				888F122B232677580046E910 /* LoginViewUITests */,
				888F120A232677570046E910 /* Products */,
			);
			sourceTree = "<group>";
		};
		888F120A232677570046E910 /* Products */ = {
			isa = PBXGroup;
			children = (
				888F1209232677570046E910 /* LoginView.app */,
				888F121D232677580046E910 /* LoginViewTests.xctest */,
				888F1228232677580046E910 /* LoginViewUITests.xctest */,
			);
			name = Products;
			sourceTree = "<group>";
		};
		888F120B232677570046E910 /* LoginView */ = {
			isa = PBXGroup;
			children = (
				888F120C232677570046E910 /* AppDelegate.swift */,
				888F120E232677570046E910 /* ViewController.swift */,
				888F1210232677570046E910 /* Main.storyboard */,
				888F1213232677580046E910 /* Assets.xcassets */,
				888F1215232677580046E910 /* LaunchScreen.storyboard */,
				888F1218232677580046E910 /* Info.plist */,
			);
			path = LoginView;
			sourceTree = "<group>";
		};
		888F1220232677580046E910 /* LoginViewTests */ = {
			isa = PBXGroup;
			children = (
				888F1221232677580046E910 /* LoginViewTests.swift */,
				888F1223232677580046E910 /* Info.plist */,
			);
			path = LoginViewTests;
			sourceTree = "<group>";
		};
		888F122B232677580046E910 /* LoginViewUITests */ = {
			isa = PBXGroup;
			children = (
				888F122C232677580046E910 /* LoginViewUITests.swift */,
				888F122E232677580046E910 /* Info.plist */,
			);
			path = LoginViewUITests;
			sourceTree = "<group>";
		};
/* End PBXGroup section */

/* Begin PBXNativeTarget section */
		888F1208232677570046E910 /* LoginView */ = {
			isa = PBXNativeTarget;
			buildConfigurationList = 888F1231232677580046E910 /* Build configuration list for PBXNativeTarget "LoginView" */;
			buildPhases = (
				888F1205232677570046E910 /* Sources */,
				888F1206232677570046E910 /* Frameworks */,
				888F1207232677570046E910 /* Resources */,
			);
			buildRules = (
			);
			dependencies = (
			);
			name = LoginView;
			productName = LoginView;
			productReference = 888F1209232677570046E910 /* LoginView.app */;
			productType = "com.apple.product-type.application";
		};
		888F121C232677580046E910 /* LoginViewTests */ = {
			isa = PBXNativeTarget;
			buildConfigurationList = 888F1234232677580046E910 /* Build configuration list for PBXNativeTarget "LoginViewTests" */;
			buildPhases = (
				888F1219232677580046E910 /* Sources */,
				888F121A232677580046E910 /* Frameworks */,
				888F121B232677580046E910 /* Resources */,
			);
			buildRules = (
			);
			dependencies = (
				888F121F232677580046E910 /* PBXTargetDependency */,
			);
			name = LoginViewTests;
			productName = LoginViewTests;
			productReference = 888F121D232677580046E910 /* LoginViewTests.xctest */;
			productType = "com.apple.product-type.bundle.unit-test";
		};
		888F1227232677580046E910 /* LoginViewUITests */ = {
			isa = PBXNativeTarget;
			buildConfigurationList = 888F1237232677580046E910 /* Build configuration list for PBXNativeTarget "LoginViewUITests" */;
			buildPhases = (
				888F1224232677580046E910 /* Sources */,
				888F1225232677580046E910 /* Frameworks */,
				888F1226232677580046E910 /* Resources */,
			);
			buildRules = (
			);
			dependencies = (
				888F122A232677580046E910 /* PBXTargetDependency */,
			);
			name = LoginViewUITests;
			productName = LoginViewUITests;
			productReference = 888F1228232677580046E910 /* LoginViewUITests.xctest */;
			productType = "com.apple.product-type.bundle.ui-testing";
		};
/* End PBXNativeTarget section */

/* Begin PBXProject section */
		888F1201232677570046E910 /* Project object */ = {
			isa = PBXProject;
			attributes = {
				LastSwiftUpdateCheck = 1030;
				LastUpgradeCheck = 1030;
				ORGANIZATIONNAME = "Jabes Pauya";
				TargetAttributes = {
					888F1208232677570046E910 = {
						CreatedOnToolsVersion = 10.3;
					};
					888F121C232677580046E910 = {
						CreatedOnToolsVersion = 10.3;
						TestTargetID = 888F1208232677570046E910;
					};
					888F1227232677580046E910 = {
						CreatedOnToolsVersion = 10.3;
						TestTargetID = 888F1208232677570046E910;
					};
				};
			};
			buildConfigurationList = 888F1204232677570046E910 /* Build configuration list for PBXProject "LoginView" */;
			compatibilityVersion = "Xcode 9.3";
			developmentRegion = en;
			hasScannedForEncodings = 0;
			knownRegions = (
				en,
				Base,
			);
			mainGroup = 888F1200232677570046E910;
			productRefGroup = 888F120A232677570046E910 /* Products */;
			projectDirPath = "";
			projectRoot = "";
			targets = (
				888F1208232677570046E910 /* LoginView */,
				888F121C232677580046E910 /* LoginViewTests */,
				888F1227232677580046E910 /* LoginViewUITests */,
			);
		};
/* End PBXProject section */

/* Begin PBXResourcesBuildPhase section */
		888F1207232677570046E910 /* Resources */ = {
			isa = PBXResourcesBuildPhase;
			buildActionMask = 2147483647;
			files = (
				888F1217232677580046E910 /* LaunchScreen.storyboard in Resources */,
				888F1214232677580046E910 /* Assets.xcassets in Resources */,
				888F1212232677570046E910 /* Main.storyboard in Resources */,
			);
			runOnlyForDeploymentPostprocessing = 0;
		};
		888F121B232677580046E910 /* Resources */ = {
			isa = PBXResourcesBuildPhase;
			buildActionMask = 2147483647;
			files = (
			);
			runOnlyForDeploymentPostprocessing = 0;
		};
		888F1226232677580046E910 /* Resources */ = {
			isa = PBXResourcesBuildPhase;
			buildActionMask = 2147483647;
			files = (
			);
			runOnlyForDeploymentPostprocessing = 0;
		};
/* End PBXResourcesBuildPhase section */

/* Begin PBXSourcesBuildPhase section */
		888F1205232677570046E910 /* Sources */ = {
			isa = PBXSourcesBuildPhase;
			buildActionMask = 2147483647;
			files = (
				888F120F232677570046E910 /* ViewController.swift in Sources */,
				888F120D232677570046E910 /* AppDelegate.swift in Sources */,
			);
			runOnlyForDeploymentPostprocessing = 0;
		};
		888F1219232677580046E910 /* Sources */ = {
			isa = PBXSourcesBuildPhase;
			buildActionMask = 2147483647;
			files = (
				888F1222232677580046E910 /* LoginViewTests.swift in Sources */,
			);
			runOnlyForDeploymentPostprocessing = 0;
		};
		888F1224232677580046E910 /* Sources */ = {
			isa = PBXSourcesBuildPhase;
			buildActionMask = 2147483647;
			files = (
				888F122D232677580046E910 /* LoginViewUITests.swift in Sources */,
			);
			runOnlyForDeploymentPostprocessing = 0;
		};
/* End PBXSourcesBuildPhase section */

/* Begin PBXTargetDependency section */
		888F121F232677580046E910 /* PBXTargetDependency */ = {
			isa = PBXTargetDependency;
			target = 888F1208232677570046E910 /* LoginView */;
			targetProxy = 888F121E232677580046E910 /* PBXContainerItemProxy */;
		};
		888F122A232677580046E910 /* PBXTargetDependency */ = {
			isa = PBXTargetDependency;
			target = 888F1208232677570046E910 /* LoginView */;
			targetProxy = 888F1229232677580046E910 /* PBXContainerItemProxy */;
		};
/* End PBXTargetDependency section */

/* Begin PBXVariantGroup section */
		888F1210232677570046E910 /* Main.storyboard */ = {
			isa = PBXVariantGroup;
			children = (
				888F1211232677570046E910 /* Base */,
			);
			name = Main.storyboard;
			sourceTree = "<group>";
		};
		888F1215232677580046E910 /* LaunchScreen.storyboard */ = {
			isa = PBXVariantGroup;
			children = (
				888F1216232677580046E910 /* Base */,
			);
			name = LaunchScreen.storyboard;
			sourceTree = "<group>";
		};
/* End PBXVariantGroup section */

/* Begin XCBuildConfiguration section */
		888F122F232677580046E910 /* Debug */ = {
			isa = XCBuildConfiguration;
			buildSettings = {
				ALWAYS_SEARCH_USER_PATHS = NO;
				CLANG_ANALYZER_NONNULL = YES;
				CLANG_ANALYZER_NUMBER_OBJECT_CONVERSION = YES_AGGRESSIVE;
				CLANG_CXX_LANGUAGE_STANDARD = "gnu++14";
				CLANG_CXX_LIBRARY = "libc++";
				CLANG_ENABLE_MODULES = YES;
				CLANG_ENABLE_OBJC_ARC = YES;
				CLANG_ENABLE_OBJC_WEAK = YES;
				CLANG_WARN_BLOCK_CAPTURE_AUTORELEASING = YES;
				CLANG_WARN_BOOL_CONVERSION = YES;
				CLANG_WARN_COMMA = YES;
				CLANG_WARN_CONSTANT_CONVERSION = YES;
				CLANG_WARN_DEPRECATED_OBJC_IMPLEMENTATIONS = YES;
				CLANG_WARN_DIRECT_OBJC_ISA_USAGE = YES_ERROR;
				CLANG_WARN_DOCUMENTATION_COMMENTS = YES;
				CLANG_WARN_EMPTY_BODY = YES;
				CLANG_WARN_ENUM_CONVERSION = YES;
				CLANG_WARN_INFINITE_RECURSION = YES;
				CLANG_WARN_INT_CONVERSION = YES;
				CLANG_WARN_NON_LITERAL_NULL_CONVERSION = YES;
				CLANG_WARN_OBJC_IMPLICIT_RETAIN_SELF = YES;
				CLANG_WARN_OBJC_LITERAL_CONVERSION = YES;
				CLANG_WARN_OBJC_ROOT_CLASS = YES_ERROR;
				CLANG_WARN_RANGE_LOOP_ANALYSIS = YES;
				CLANG_WARN_STRICT_PROTOTYPES = YES;
				CLANG_WARN_SUSPICIOUS_MOVE = YES;
				CLANG_WARN_UNGUARDED_AVAILABILITY = YES_AGGRESSIVE;
				CLANG_WARN_UNREACHABLE_CODE = YES;
				CLANG_WARN__DUPLICATE_METHOD_MATCH = YES;
				CODE_SIGN_IDENTITY = "iPhone Developer";
				COPY_PHASE_STRIP = NO;
				DEBUG_INFORMATION_FORMAT = dwarf;
				ENABLE_STRICT_OBJC_MSGSEND = YES;
				ENABLE_TESTABILITY = YES;
				GCC_C_LANGUAGE_STANDARD = gnu11;
				GCC_DYNAMIC_NO_PIC = NO;
				GCC_NO_COMMON_BLOCKS = YES;
				GCC_OPTIMIZATION_LEVEL = 0;
				GCC_PREPROCESSOR_DEFINITIONS = (
					"DEBUG=1",
					"$(inherited)",
				);
				GCC_WARN_64_TO_32_BIT_CONVERSION = YES;
				GCC_WARN_ABOUT_RETURN_TYPE = YES_ERROR;
				GCC_WARN_UNDECLARED_SELECTOR = YES;
				GCC_WARN_UNINITIALIZED_AUTOS = YES_AGGRESSIVE;
				GCC_WARN_UNUSED_FUNCTION = YES;
				GCC_WARN_UNUSED_VARIABLE = YES;
				IPHONEOS_DEPLOYMENT_TARGET = 12.4;
				MTL_ENABLE_DEBUG_INFO = INCLUDE_SOURCE;
				MTL_FAST_MATH = YES;
				ONLY_ACTIVE_ARCH = YES;
				SDKROOT = iphoneos;
				SWIFT_ACTIVE_COMPILATION_CONDITIONS = DEBUG;
				SWIFT_OPTIMIZATION_LEVEL = "-Onone";
			};
			name = Debug;
		};
		888F1230232677580046E910 /* Release */ = {
			isa = XCBuildConfiguration;
			buildSettings = {
				ALWAYS_SEARCH_USER_PATHS = NO;
				CLANG_ANALYZER_NONNULL = YES;
				CLANG_ANALYZER_NUMBER_OBJECT_CONVERSION = YES_AGGRESSIVE;
				CLANG_CXX_LANGUAGE_STANDARD = "gnu++14";
				CLANG_CXX_LIBRARY = "libc++";
				CLANG_ENABLE_MODULES = YES;
				CLANG_ENABLE_OBJC_ARC = YES;
				CLANG_ENABLE_OBJC_WEAK = YES;
				CLANG_WARN_BLOCK_CAPTURE_AUTORELEASING = YES;
				CLANG_WARN_BOOL_CONVERSION = YES;
				CLANG_WARN_COMMA = YES;
				CLANG_WARN_CONSTANT_CONVERSION = YES;
				CLANG_WARN_DEPRECATED_OBJC_IMPLEMENTATIONS = YES;
				CLANG_WARN_DIRECT_OBJC_ISA_USAGE = YES_ERROR;
				CLANG_WARN_DOCUMENTATION_COMMENTS = YES;
				CLANG_WARN_EMPTY_BODY = YES;
				CLANG_WARN_ENUM_CONVERSION = YES;
				CLANG_WARN_INFINITE_RECURSION = YES;
				CLANG_WARN_INT_CONVERSION = YES;
				CLANG_WARN_NON_LITERAL_NULL_CONVERSION = YES;
				CLANG_WARN_OBJC_IMPLICIT_RETAIN_SELF = YES;
				CLANG_WARN_OBJC_LITERAL_CONVERSION = YES;
				CLANG_WARN_OBJC_ROOT_CLASS = YES_ERROR;
				CLANG_WARN_RANGE_LOOP_ANALYSIS = YES;
				CLANG_WARN_STRICT_PROTOTYPES = YES;
				CLANG_WARN_SUSPICIOUS_MOVE = YES;
				CLANG_WARN_UNGUARDED_AVAILABILITY = YES_AGGRESSIVE;
				CLANG_WARN_UNREACHABLE_CODE = YES;
				CLANG_WARN__DUPLICATE_METHOD_MATCH = YES;
				CODE_SIGN_IDENTITY = "iPhone Developer";
				COPY_PHASE_STRIP = NO;
				DEBUG_INFORMATION_FORMAT = "dwarf-with-dsym";
				ENABLE_NS_ASSERTIONS = NO;
				ENABLE_STRICT_OBJC_MSGSEND = YES;
				GCC_C_LANGUAGE_STANDARD = gnu11;
				GCC_NO_COMMON_BLOCKS = YES;
				GCC_WARN_64_TO_32_BIT_CONVERSION = YES;
				GCC_WARN_ABOUT_RETURN_TYPE = YES_ERROR;
				GCC_WARN_UNDECLARED_SELECTOR = YES;
				GCC_WARN_UNINITIALIZED_AUTOS = YES_AGGRESSIVE;
				GCC_WARN_UNUSED_FUNCTION = YES;
				GCC_WARN_UNUSED_VARIABLE = YES;
				IPHONEOS_DEPLOYMENT_TARGET = 12.4;
				MTL_ENABLE_DEBUG_INFO = NO;
				MTL_FAST_MATH = YES;
				SDKROOT = iphoneos;
				SWIFT_COMPILATION_MODE = wholemodule;
				SWIFT_OPTIMIZATION_LEVEL = "-O";
				VALIDATE_PRODUCT = YES;
			};
			name = Release;
		};
		888F1232232677580046E910 /* Debug */ = {
			isa = XCBuildConfiguration;
			buildSettings = {
				ASSETCATALOG_COMPILER_APPICON_NAME = AppIcon;
				CODE_SIGN_STYLE = Automatic;
				INFOPLIST_FILE = LoginView/Info.plist;
				LD_RUNPATH_SEARCH_PATHS = (
					"$(inherited)",
					"@executable_path/Frameworks",
				);
				PRODUCT_BUNDLE_IDENTIFIER = pauyaj.LoginView;
				PRODUCT_NAME = "$(TARGET_NAME)";
				SWIFT_VERSION = 5.0;
				TARGETED_DEVICE_FAMILY = "1,2";
			};
			name = Debug;
		};
		888F1233232677580046E910 /* Release */ = {
			isa = XCBuildConfiguration;
			buildSettings = {
				ASSETCATALOG_COMPILER_APPICON_NAME = AppIcon;
				CODE_SIGN_STYLE = Automatic;
				INFOPLIST_FILE = LoginView/Info.plist;
				LD_RUNPATH_SEARCH_PATHS = (
					"$(inherited)",
					"@executable_path/Frameworks",
				);
				PRODUCT_BUNDLE_IDENTIFIER = pauyaj.LoginView;
				PRODUCT_NAME = "$(TARGET_NAME)";
				SWIFT_VERSION = 5.0;
				TARGETED_DEVICE_FAMILY = "1,2";
			};
			name = Release;
		};
		888F1235232677580046E910 /* Debug */ = {
			isa = XCBuildConfiguration;
			buildSettings = {
				ALWAYS_EMBED_SWIFT_STANDARD_LIBRARIES = YES;
				BUNDLE_LOADER = "$(TEST_HOST)";
				CODE_SIGN_STYLE = Automatic;
				INFOPLIST_FILE = LoginViewTests/Info.plist;
				LD_RUNPATH_SEARCH_PATHS = (
					"$(inherited)",
					"@executable_path/Frameworks",
					"@loader_path/Frameworks",
				);
				PRODUCT_BUNDLE_IDENTIFIER = pauyaj.LoginViewTests;
				PRODUCT_NAME = "$(TARGET_NAME)";
				SWIFT_VERSION = 5.0;
				TARGETED_DEVICE_FAMILY = "1,2";
				TEST_HOST = "$(BUILT_PRODUCTS_DIR)/LoginView.app/LoginView";
			};
			name = Debug;
		};
		888F1236232677580046E910 /* Release */ = {
			isa = XCBuildConfiguration;
			buildSettings = {
				ALWAYS_EMBED_SWIFT_STANDARD_LIBRARIES = YES;
				BUNDLE_LOADER = "$(TEST_HOST)";
				CODE_SIGN_STYLE = Automatic;
				INFOPLIST_FILE = LoginViewTests/Info.plist;
				LD_RUNPATH_SEARCH_PATHS = (
					"$(inherited)",
					"@executable_path/Frameworks",
					"@loader_path/Frameworks",
				);
				PRODUCT_BUNDLE_IDENTIFIER = pauyaj.LoginViewTests;
				PRODUCT_NAME = "$(TARGET_NAME)";
				SWIFT_VERSION = 5.0;
				TARGETED_DEVICE_FAMILY = "1,2";
				TEST_HOST = "$(BUILT_PRODUCTS_DIR)/LoginView.app/LoginView";
			};
			name = Release;
		};
		888F1238232677580046E910 /* Debug */ = {
			isa = XCBuildConfiguration;
			buildSettings = {
				ALWAYS_EMBED_SWIFT_STANDARD_LIBRARIES = YES;
				CODE_SIGN_STYLE = Automatic;
				INFOPLIST_FILE = LoginViewUITests/Info.plist;
				LD_RUNPATH_SEARCH_PATHS = (
					"$(inherited)",
					"@executable_path/Frameworks",
					"@loader_path/Frameworks",
				);
				PRODUCT_BUNDLE_IDENTIFIER = pauyaj.LoginViewUITests;
				PRODUCT_NAME = "$(TARGET_NAME)";
				SWIFT_VERSION = 5.0;
				TARGETED_DEVICE_FAMILY = "1,2";
				TEST_TARGET_NAME = LoginView;
			};
			name = Debug;
		};
		888F1239232677580046E910 /* Release */ = {
			isa = XCBuildConfiguration;
			buildSettings = {
				ALWAYS_EMBED_SWIFT_STANDARD_LIBRARIES = YES;
				CODE_SIGN_STYLE = Automatic;
				INFOPLIST_FILE = LoginViewUITests/Info.plist;
				LD_RUNPATH_SEARCH_PATHS = (
					"$(inherited)",
					"@executable_path/Frameworks",
					"@loader_path/Frameworks",
				);
				PRODUCT_BUNDLE_IDENTIFIER = pauyaj.LoginViewUITests;
				PRODUCT_NAME = "$(TARGET_NAME)";
				SWIFT_VERSION = 5.0;
				TARGETED_DEVICE_FAMILY = "1,2";
				TEST_TARGET_NAME = LoginView;
			};
			name = Release;
		};
/* End XCBuildConfiguration section */

/* Begin XCConfigurationList section */
		888F1204232677570046E910 /* Build configuration list for PBXProject "LoginView" */ = {
			isa = XCConfigurationList;
			buildConfigurations = (
				888F122F232677580046E910 /* Debug */,
				888F1230232677580046E910 /* Release */,
			);
			defaultConfigurationIsVisible = 0;
			defaultConfigurationName = Release;
		};
		888F1231232677580046E910 /* Build configuration list for PBXNativeTarget "LoginView" */ = {
			isa = XCConfigurationList;
			buildConfigurations = (
				888F1232232677580046E910 /* Debug */,
				888F1233232677580046E910 /* Release */,
			);
			defaultConfigurationIsVisible = 0;
			defaultConfigurationName = Release;
		};
		888F1234232677580046E910 /* Build configuration list for PBXNativeTarget "LoginViewTests" */ = {
			isa = XCConfigurationList;
			buildConfigurations = (
				888F1235232677580046E910 /* Debug */,
				888F1236232677580046E910 /* Release */,
			);
			defaultConfigurationIsVisible = 0;
			defaultConfigurationName = Release;
		};
		888F1237232677580046E910 /* Build configuration list for PBXNativeTarget "LoginViewUITests" */ = {
			isa = XCConfigurationList;
			buildConfigurations = (
				888F1238232677580046E910 /* Debug */,
				888F1239232677580046E910 /* Release */,
			);
			defaultConfigurationIsVisible = 0;
			defaultConfigurationName = Release;
		};
/* End XCConfigurationList section */
	};
	rootObject = 888F1201232677570046E910 /* Project object */;
}
